// !$*UTF8*$!
{
	archiveVersion = 1;
	classes = {
	};
	objectVersion = 46;
	objects = {

/* Begin PBXBuildFile section */
		8536ADA11CC633FF00E66BED /* main.m in Sources */ = {isa = PBXBuildFile; fileRef = 8536ADA01CC633FF00E66BED /* main.m */; };
		8536ADA41CC633FF00E66BED /* AppDelegate.m in Sources */ = {isa = PBXBuildFile; fileRef = 8536ADA31CC633FF00E66BED /* AppDelegate.m */; };
		8536ADA71CC633FF00E66BED /* ViewController.m in Sources */ = {isa = PBXBuildFile; fileRef = 8536ADA61CC633FF00E66BED /* ViewController.m */; };
		8536ADAA1CC633FF00E66BED /* Main.storyboard in Resources */ = {isa = PBXBuildFile; fileRef = 8536ADA81CC633FF00E66BED /* Main.storyboard */; };
		8536ADAC1CC633FF00E66BED /* Assets.xcassets in Resources */ = {isa = PBXBuildFile; fileRef = 8536ADAB1CC633FF00E66BED /* Assets.xcassets */; };
		8536ADAF1CC633FF00E66BED /* LaunchScreen.storyboard in Resources */ = {isa = PBXBuildFile; fileRef = 8536ADAD1CC633FF00E66BED /* LaunchScreen.storyboard */; };
		8536ADBA1CC633FF00E66BED /* ____Tests.m in Sources */ = {isa = PBXBuildFile; fileRef = 8536ADB91CC633FF00E66BED /* ____Tests.m */; };
		8536ADC51CC633FF00E66BED /* ____UITests.m in Sources */ = {isa = PBXBuildFile; fileRef = 8536ADC41CC633FF00E66BED /* ____UITests.m */; };
/* End PBXBuildFile section */

/* Begin PBXContainerItemProxy section */
		8536ADB61CC633FF00E66BED /* PBXContainerItemProxy */ = {
			isa = PBXContainerItemProxy;
			containerPortal = 8536AD941CC633FF00E66BED /* Project object */;
			proxyType = 1;
			remoteGlobalIDString = 8536AD9B1CC633FF00E66BED;
			remoteInfo = "哥是传说";
		};
		8536ADC11CC633FF00E66BED /* PBXContainerItemProxy */ = {
			isa = PBXContainerItemProxy;
			containerPortal = 8536AD941CC633FF00E66BED /* Project object */;
			proxyType = 1;
			remoteGlobalIDString = 8536AD9B1CC633FF00E66BED;
			remoteInfo = "哥是传说";
		};
/* End PBXContainerItemProxy section */

/* Begin PBXFileReference section */
		8536AD9C1CC633FF00E66BED /* 哥是传说.app */ = {isa = PBXFileReference; explicitFileType = wrapper.application; includeInIndex = 0; path = "哥是传说.app"; sourceTree = BUILT_PRODUCTS_DIR; };
		8536ADA01CC633FF00E66BED /* main.m */ = {isa = PBXFileReference; lastKnownFileType = sourcecode.c.objc; path = main.m; sourceTree = "<group>"; };
		8536ADA21CC633FF00E66BED /* AppDelegate.h */ = {isa = PBXFileReference; lastKnownFileType = sourcecode.c.h; path = AppDelegate.h; sourceTree = "<group>"; };
		8536ADA31CC633FF00E66BED /* AppDelegate.m */ = {isa = PBXFileReference; lastKnownFileType = sourcecode.c.objc; path = AppDelegate.m; sourceTree = "<group>"; };
		8536ADA51CC633FF00E66BED /* ViewController.h */ = {isa = PBXFileReference; lastKnownFileType = sourcecode.c.h; path = ViewController.h; sourceTree = "<group>"; };
		8536ADA61CC633FF00E66BED /* ViewController.m */ = {isa = PBXFileReference; lastKnownFileType = sourcecode.c.objc; path = ViewController.m; sourceTree = "<group>"; };
		8536ADA91CC633FF00E66BED /* Base */ = {isa = PBXFileReference; lastKnownFileType = file.storyboard; name = Base; path = Base.lproj/Main.storyboard; sourceTree = "<group>"; };
		8536ADAB1CC633FF00E66BED /* Assets.xcassets */ = {isa = PBXFileReference; lastKnownFileType = folder.assetcatalog; path = Assets.xcassets; sourceTree = "<group>"; };
		8536ADAE1CC633FF00E66BED /* Base */ = {isa = PBXFileReference; lastKnownFileType = file.storyboard; name = Base; path = Base.lproj/LaunchScreen.storyboard; sourceTree = "<group>"; };
		8536ADB01CC633FF00E66BED /* Info.plist */ = {isa = PBXFileReference; lastKnownFileType = text.plist.xml; path = Info.plist; sourceTree = "<group>"; };
		8536ADB51CC633FF00E66BED /* 哥是传说Tests.xctest */ = {isa = PBXFileReference; explicitFileType = wrapper.cfbundle; includeInIndex = 0; path = "哥是传说Tests.xctest"; sourceTree = BUILT_PRODUCTS_DIR; };
		8536ADB91CC633FF00E66BED /* ____Tests.m */ = {isa = PBXFileReference; lastKnownFileType = sourcecode.c.objc; path = "____Tests.m"; sourceTree = "<group>"; };
		8536ADBB1CC633FF00E66BED /* Info.plist */ = {isa = PBXFileReference; lastKnownFileType = text.plist.xml; path = Info.plist; sourceTree = "<group>"; };
		8536ADC01CC633FF00E66BED /* 哥是传说UITests.xctest */ = {isa = PBXFileReference; explicitFileType = wrapper.cfbundle; includeInIndex = 0; path = "哥是传说UITests.xctest"; sourceTree = BUILT_PRODUCTS_DIR; };
		8536ADC41CC633FF00E66BED /* ____UITests.m */ = {isa = PBXFileReference; lastKnownFileType = sourcecode.c.objc; path = "____UITests.m"; sourceTree = "<group>"; };
		8536ADC61CC633FF00E66BED /* Info.plist */ = {isa = PBXFileReference; lastKnownFileType = text.plist.xml; path = Info.plist; sourceTree = "<group>"; };
/* End PBXFileReference section */

/* Begin PBXFrameworksBuildPhase section */
		8536AD991CC633FF00E66BED /* Frameworks */ = {
			isa = PBXFrameworksBuildPhase;
			buildActionMask = 2147483647;
			files = (
			);
			runOnlyForDeploymentPostprocessing = 0;
		};
		8536ADB21CC633FF00E66BED /* Frameworks */ = {
			isa = PBXFrameworksBuildPhase;
			buildActionMask = 2147483647;
			files = (
			);
			runOnlyForDeploymentPostprocessing = 0;
		};
		8536ADBD1CC633FF00E66BED /* Frameworks */ = {
			isa = PBXFrameworksBuildPhase;
			buildActionMask = 2147483647;
			files = (
			);
			runOnlyForDeploymentPostprocessing = 0;
		};
/* End PBXFrameworksBuildPhase section */

/* Begin PBXGroup section */
		8536AD931CC633FF00E66BED = {
			isa = PBXGroup;
			children = (
				8536AD9E1CC633FF00E66BED /* 哥是传说 */,
				8536ADB81CC633FF00E66BED /* 哥是传说Tests */,
				8536ADC31CC633FF00E66BED /* 哥是传说UITests */,
				8536AD9D1CC633FF00E66BED /* Products */,
			);
			sourceTree = "<group>";
		};
		8536AD9D1CC633FF00E66BED /* Products */ = {
			isa = PBXGroup;
			children = (
				8536AD9C1CC633FF00E66BED /* 哥是传说.app */,
				8536ADB51CC633FF00E66BED /* 哥是传说Tests.xctest */,
				8536ADC01CC633FF00E66BED /* 哥是传说UITests.xctest */,
			);
			name = Products;
			sourceTree = "<group>";
		};
		8536AD9E1CC633FF00E66BED /* 哥是传说 */ = {
			isa = PBXGroup;
			children = (
				8536ADA21CC633FF00E66BED /* AppDelegate.h */,
				8536ADA31CC633FF00E66BED /* AppDelegate.m */,
				8536ADA51CC633FF00E66BED /* ViewController.h */,
				8536ADA61CC633FF00E66BED /* ViewController.m */,
				8536ADA81CC633FF00E66BED /* Main.storyboard */,
				8536ADAB1CC633FF00E66BED /* Assets.xcassets */,
				8536ADAD1CC633FF00E66BED /* LaunchScreen.storyboard */,
				8536ADB01CC633FF00E66BED /* Info.plist */,
				8536AD9F1CC633FF00E66BED /* Supporting Files */,
			);
			path = "哥是传说";
			sourceTree = "<group>";
		};
		8536AD9F1CC633FF00E66BED /* Supporting Files */ = {
			isa = PBXGroup;
			children = (
				8536ADA01CC633FF00E66BED /* main.m */,
			);
			name = "Supporting Files";
			sourceTree = "<group>";
		};
		8536ADB81CC633FF00E66BED /* 哥是传说Tests */ = {
			isa = PBXGroup;
			children = (
				8536ADB91CC633FF00E66BED /* ____Tests.m */,
				8536ADBB1CC633FF00E66BED /* Info.plist */,
			);
			path = "哥是传说Tests";
			sourceTree = "<group>";
		};
		8536ADC31CC633FF00E66BED /* 哥是传说UITests */ = {
			isa = PBXGroup;
			children = (
				8536ADC41CC633FF00E66BED /* ____UITests.m */,
				8536ADC61CC633FF00E66BED /* Info.plist */,
			);
			path = "哥是传说UITests";
			sourceTree = "<group>";
		};
/* End PBXGroup section */

/* Begin PBXNativeTarget section */
		8536AD9B1CC633FF00E66BED /* 哥是传说 */ = {
			isa = PBXNativeTarget;
			buildConfigurationList = 8536ADC91CC633FF00E66BED /* Build configuration list for PBXNativeTarget "哥是传说" */;
			buildPhases = (
				8536AD981CC633FF00E66BED /* Sources */,
				8536AD991CC633FF00E66BED /* Frameworks */,
				8536AD9A1CC633FF00E66BED /* Resources */,
			);
			buildRules = (
			);
			dependencies = (
			);
			name = "哥是传说";
			productName = "哥是传说";
			productReference = 8536AD9C1CC633FF00E66BED /* 哥是传说.app */;
			productType = "com.apple.product-type.application";
		};
		8536ADB41CC633FF00E66BED /* 哥是传说Tests */ = {
			isa = PBXNativeTarget;
			buildConfigurationList = 8536ADCC1CC633FF00E66BED /* Build configuration list for PBXNativeTarget "哥是传说Tests" */;
			buildPhases = (
				8536ADB11CC633FF00E66BED /* Sources */,
				8536ADB21CC633FF00E66BED /* Frameworks */,
				8536ADB31CC633FF00E66BED /* Resources */,
			);
			buildRules = (
			);
			dependencies = (
				8536ADB71CC633FF00E66BED /* PBXTargetDependency */,
			);
			name = "哥是传说Tests";
			productName = "哥是传说Tests";
			productReference = 8536ADB51CC633FF00E66BED /* 哥是传说Tests.xctest */;
			productType = "com.apple.product-type.bundle.unit-test";
		};
		8536ADBF1CC633FF00E66BED /* 哥是传说UITests */ = {
			isa = PBXNativeTarget;
			buildConfigurationList = 8536ADCF1CC633FF00E66BED /* Build configuration list for PBXNativeTarget "哥是传说UITests" */;
			buildPhases = (
				8536ADBC1CC633FF00E66BED /* Sources */,
				8536ADBD1CC633FF00E66BED /* Frameworks */,
				8536ADBE1CC633FF00E66BED /* Resources */,
			);
			buildRules = (
			);
			dependencies = (
				8536ADC21CC633FF00E66BED /* PBXTargetDependency */,
			);
			name = "哥是传说UITests";
			productName = "哥是传说UITests";
			productReference = 8536ADC01CC633FF00E66BED /* 哥是传说UITests.xctest */;
			productType = "com.apple.product-type.bundle.ui-testing";
		};
/* End PBXNativeTarget section */

/* Begin PBXProject section */
		8536AD941CC633FF00E66BED /* Project object */ = {
			isa = PBXProject;
			attributes = {
				LastUpgradeCheck = 0720;
				ORGANIZATIONNAME = tarana;
				TargetAttributes = {
					8536AD9B1CC633FF00E66BED = {
						CreatedOnToolsVersion = 7.2;
						DevelopmentTeam = BLPN62T4SE;
					};
					8536ADB41CC633FF00E66BED = {
						CreatedOnToolsVersion = 7.2;
						DevelopmentTeam = BLPN62T4SE;
						TestTargetID = 8536AD9B1CC633FF00E66BED;
					};
					8536ADBF1CC633FF00E66BED = {
						CreatedOnToolsVersion = 7.2;
						DevelopmentTeam = BLPN62T4SE;
						TestTargetID = 8536AD9B1CC633FF00E66BED;
					};
				};
			};
			buildConfigurationList = 8536AD971CC633FF00E66BED /* Build configuration list for PBXProject "哥是传说" */;
			compatibilityVersion = "Xcode 3.2";
			developmentRegion = English;
			hasScannedForEncodings = 0;
			knownRegions = (
				en,
				Base,
			);
			mainGroup = 8536AD931CC633FF00E66BED;
			productRefGroup = 8536AD9D1CC633FF00E66BED /* Products */;
			projectDirPath = "";
			projectRoot = "";
			targets = (
				8536AD9B1CC633FF00E66BED /* 哥是传说 */,
				8536ADB41CC633FF00E66BED /* 哥是传说Tests */,
				8536ADBF1CC633FF00E66BED /* 哥是传说UITests */,
			);
		};
/* End PBXProject section */

/* Begin PBXResourcesBuildPhase section */
		8536AD9A1CC633FF00E66BED /* Resources */ = {
			isa = PBXResourcesBuildPhase;
			buildActionMask = 2147483647;
			files = (
				8536ADAF1CC633FF00E66BED /* LaunchScreen.storyboard in Resources */,
				8536ADAC1CC633FF00E66BED /* Assets.xcassets in Resources */,
				8536ADAA1CC633FF00E66BED /* Main.storyboard in Resources */,
			);
			runOnlyForDeploymentPostprocessing = 0;
		};
		8536ADB31CC633FF00E66BED /* Resources */ = {
			isa = PBXResourcesBuildPhase;
			buildActionMask = 2147483647;
			files = (
			);
			runOnlyForDeploymentPostprocessing = 0;
		};
		8536ADBE1CC633FF00E66BED /* Resources */ = {
			isa = PBXResourcesBuildPhase;
			buildActionMask = 2147483647;
			files = (
			);
			runOnlyForDeploymentPostprocessing = 0;
		};
/* End PBXResourcesBuildPhase section */

/* Begin PBXSourcesBuildPhase section */
		8536AD981CC633FF00E66BED /* Sources */ = {
			isa = PBXSourcesBuildPhase;
			buildActionMask = 2147483647;
			files = (
				8536ADA71CC633FF00E66BED /* ViewController.m in Sources */,
				8536ADA41CC633FF00E66BED /* AppDelegate.m in Sources */,
				8536ADA11CC633FF00E66BED /* main.m in Sources */,
			);
			runOnlyForDeploymentPostprocessing = 0;
		};
		8536ADB11CC633FF00E66BED /* Sources */ = {
			isa = PBXSourcesBuildPhase;
			buildActionMask = 2147483647;
			files = (
				8536ADBA1CC633FF00E66BED /* ____Tests.m in Sources */,
			);
			runOnlyForDeploymentPostprocessing = 0;
		};
		8536ADBC1CC633FF00E66BED /* Sources */ = {
			isa = PBXSourcesBuildPhase;
			buildActionMask = 2147483647;
			files = (
				8536ADC51CC633FF00E66BED /* ____UITests.m in Sources */,
			);
			runOnlyForDeploymentPostprocessing = 0;
		};
/* End PBXSourcesBuildPhase section */

/* Begin PBXTargetDependency section */
		8536ADB71CC633FF00E66BED /* PBXTargetDependency */ = {
			isa = PBXTargetDependency;
			target = 8536AD9B1CC633FF00E66BED /* 哥是传说 */;
			targetProxy = 8536ADB61CC633FF00E66BED /* PBXContainerItemProxy */;
		};
		8536ADC21CC633FF00E66BED /* PBXTargetDependency */ = {
			isa = PBXTargetDependency;
			target = 8536AD9B1CC633FF00E66BED /* 哥是传说 */;
			targetProxy = 8536ADC11CC633FF00E66BED /* PBXContainerItemProxy */;
		};
/* End PBXTargetDependency section */

/* Begin PBXVariantGroup section */
		8536ADA81CC633FF00E66BED /* Main.storyboard */ = {
			isa = PBXVariantGroup;
			children = (
				8536ADA91CC633FF00E66BED /* Base */,
			);
			name = Main.storyboard;
			sourceTree = "<group>";
		};
		8536ADAD1CC633FF00E66BED /* LaunchScreen.storyboard */ = {
			isa = PBXVariantGroup;
			children = (
				8536ADAE1CC633FF00E66BED /* Base */,
			);
			name = LaunchScreen.storyboard;
			sourceTree = "<group>";
		};
/* End PBXVariantGroup section */

/* Begin XCBuildConfiguration section */
		8536ADC71CC633FF00E66BED /* Debug */ = {
			isa = XCBuildConfiguration;
			buildSettings = {
				ALWAYS_SEARCH_USER_PATHS = NO;
				CLANG_CXX_LANGUAGE_STANDARD = "gnu++0x";
				CLANG_CXX_LIBRARY = "libc++";
				CLANG_ENABLE_MODULES = YES;
				CLANG_ENABLE_OBJC_ARC = YES;
				CLANG_WARN_BOOL_CONVERSION = YES;
				CLANG_WARN_CONSTANT_CONVERSION = YES;
				CLANG_WARN_DIRECT_OBJC_ISA_USAGE = YES_ERROR;
				CLANG_WARN_EMPTY_BODY = YES;
				CLANG_WARN_ENUM_CONVERSION = YES;
				CLANG_WARN_INT_CONVERSION = YES;
				CLANG_WARN_OBJC_ROOT_CLASS = YES_ERROR;
				CLANG_WARN_UNREACHABLE_CODE = YES;
				CLANG_WARN__DUPLICATE_METHOD_MATCH = YES;
				"CODE_SIGN_IDENTITY[sdk=iphoneos*]" = "iPhone Developer";
				COPY_PHASE_STRIP = NO;
				DEBUG_INFORMATION_FORMAT = dwarf;
				ENABLE_STRICT_OBJC_MSGSEND = YES;
				ENABLE_TESTABILITY = YES;
				GCC_C_LANGUAGE_STANDARD = gnu99;
				GCC_DYNAMIC_NO_PIC = NO;
				GCC_NO_COMMON_BLOCKS = YES;
				GCC_OPTIMIZATION_LEVEL = 0;
				GCC_PREPROCESSOR_DEFINITIONS = (
					"DEBUG=1",
					"$(inherited)",
				);
				GCC_WARN_64_TO_32_BIT_CONVERSION = YES;
				GCC_WARN_ABOUT_RETURN_TYPE = YES_ERROR;
				GCC_WARN_UNDECLARED_SELECTOR = YES;
				GCC_WARN_UNINITIALIZED_AUTOS = YES_AGGRESSIVE;
				GCC_WARN_UNUSED_FUNCTION = YES;
				GCC_WARN_UNUSED_VARIABLE = YES;
				IPHONEOS_DEPLOYMENT_TARGET = 9.2;
				MTL_ENABLE_DEBUG_INFO = YES;
				ONLY_ACTIVE_ARCH = YES;
				SDKROOT = iphoneos;
			};
			name = Debug;
		};
		8536ADC81CC633FF00E66BED /* Release */ = {
			isa = XCBuildConfiguration;
			buildSettings = {
				ALWAYS_SEARCH_USER_PATHS = NO;
				CLANG_CXX_LANGUAGE_STANDARD = "gnu++0x";
				CLANG_CXX_LIBRARY = "libc++";
				CLANG_ENABLE_MODULES = YES;
				CLANG_ENABLE_OBJC_ARC = YES;
				CLANG_WARN_BOOL_CONVERSION = YES;
				CLANG_WARN_CONSTANT_CONVERSION = YES;
				CLANG_WARN_DIRECT_OBJC_ISA_USAGE = YES_ERROR;
				CLANG_WARN_EMPTY_BODY = YES;
				CLANG_WARN_ENUM_CONVERSION = YES;
				CLANG_WARN_INT_CONVERSION = YES;
				CLANG_WARN_OBJC_ROOT_CLASS = YES_ERROR;
				CLANG_WARN_UNREACHABLE_CODE = YES;
				CLANG_WARN__DUPLICATE_METHOD_MATCH = YES;
				"CODE_SIGN_IDENTITY[sdk=iphoneos*]" = "iPhone Developer";
				COPY_PHASE_STRIP = NO;
				DEBUG_INFORMATION_FORMAT = "dwarf-with-dsym";
				ENABLE_NS_ASSERTIONS = NO;
				ENABLE_STRICT_OBJC_MSGSEND = YES;
				GCC_C_LANGUAGE_STANDARD = gnu99;
				GCC_NO_COMMON_BLOCKS = YES;
				GCC_WARN_64_TO_32_BIT_CONVERSION = YES;
				GCC_WARN_ABOUT_RETURN_TYPE = YES_ERROR;
				GCC_WARN_UNDECLARED_SELECTOR = YES;
				GCC_WARN_UNINITIALIZED_AUTOS = YES_AGGRESSIVE;
				GCC_WARN_UNUSED_FUNCTION = YES;
				GCC_WARN_UNUSED_VARIABLE = YES;
				IPHONEOS_DEPLOYMENT_TARGET = 9.2;
				MTL_ENABLE_DEBUG_INFO = NO;
				SDKROOT = iphoneos;
				VALIDATE_PRODUCT = YES;
			};
			name = Release;
		};
		8536ADCA1CC633FF00E66BED /* Debug */ = {
			isa = XCBuildConfiguration;
			buildSettings = {
				ASSETCATALOG_COMPILER_APPICON_NAME = AppIcon;
				INFOPLIST_FILE = "哥是传说/Info.plist";
				LD_RUNPATH_SEARCH_PATHS = "$(inherited) @executable_path/Frameworks";
				PRODUCT_BUNDLE_IDENTIFIER = "com.tarena.----";
				PRODUCT_NAME = "$(TARGET_NAME)";
			};
			name = Debug;
		};
		8536ADCB1CC633FF00E66BED /* Release */ = {
			isa = XCBuildConfiguration;
			buildSettings = {
				ASSETCATALOG_COMPILER_APPICON_NAME = AppIcon;
				INFOPLIST_FILE = "哥是传说/Info.plist";
				LD_RUNPATH_SEARCH_PATHS = "$(inherited) @executable_path/Frameworks";
				PRODUCT_BUNDLE_IDENTIFIER = "com.tarena.----";
				PRODUCT_NAME = "$(TARGET_NAME)";
			};
			name = Release;
		};
		8536ADCD1CC633FF00E66BED /* Debug */ = {
			isa = XCBuildConfiguration;
			buildSettings = {
				BUNDLE_LOADER = "$(TEST_HOST)";
				INFOPLIST_FILE = "哥是传说Tests/Info.plist";
				LD_RUNPATH_SEARCH_PATHS = "$(inherited) @executable_path/Frameworks @loader_path/Frameworks";
				PRODUCT_BUNDLE_IDENTIFIER = "com.tarena.----Tests";
				PRODUCT_NAME = "$(TARGET_NAME)";
				TEST_HOST = "$(BUILT_PRODUCTS_DIR)/哥是传说.app/哥是传说";
			};
			name = Debug;
		};
		8536ADCE1CC633FF00E66BED /* Release */ = {
			isa = XCBuildConfiguration;
			buildSettings = {
				BUNDLE_LOADER = "$(TEST_HOST)";
				INFOPLIST_FILE = "哥是传说Tests/Info.plist";
				LD_RUNPATH_SEARCH_PATHS = "$(inherited) @executable_path/Frameworks @loader_path/Frameworks";
				PRODUCT_BUNDLE_IDENTIFIER = "com.tarena.----Tests";
				PRODUCT_NAME = "$(TARGET_NAME)";
				TEST_HOST = "$(BUILT_PRODUCTS_DIR)/哥是传说.app/哥是传说";
			};
			name = Release;
		};
		8536ADD01CC633FF00E66BED /* Debug */ = {
			isa = XCBuildConfiguration;
			buildSettings = {
				INFOPLIST_FILE = "哥是传说UITests/Info.plist";
				LD_RUNPATH_SEARCH_PATHS = "$(inherited) @executable_path/Frameworks @loader_path/Frameworks";
				PRODUCT_BUNDLE_IDENTIFIER = "com.tarena.----UITests";
				PRODUCT_NAME = "$(TARGET_NAME)";
				TEST_TARGET_NAME = "哥是传说";
				USES_XCTRUNNER = YES;
			};
			name = Debug;
		};
		8536ADD11CC633FF00E66BED /* Release */ = {
			isa = XCBuildConfiguration;
			buildSettings = {
				INFOPLIST_FILE = "哥是传说UITests/Info.plist";
				LD_RUNPATH_SEARCH_PATHS = "$(inherited) @executable_path/Frameworks @loader_path/Frameworks";
				PRODUCT_BUNDLE_IDENTIFIER = "com.tarena.----UITests";
				PRODUCT_NAME = "$(TARGET_NAME)";
				TEST_TARGET_NAME = "哥是传说";
				USES_XCTRUNNER = YES;
			};
			name = Release;
		};
/* End XCBuildConfiguration section */

/* Begin XCConfigurationList section */
		8536AD971CC633FF00E66BED /* Build configuration list for PBXProject "哥是传说" */ = {
			isa = XCConfigurationList;
			buildConfigurations = (
				8536ADC71CC633FF00E66BED /* Debug */,
				8536ADC81CC633FF00E66BED /* Release */,
			);
			defaultConfigurationIsVisible = 0;
			defaultConfigurationName = Release;
		};
		8536ADC91CC633FF00E66BED /* Build configuration list for PBXNativeTarget "哥是传说" */ = {
			isa = XCConfigurationList;
			buildConfigurations = (
				8536ADCA1CC633FF00E66BED /* Debug */,
				8536ADCB1CC633FF00E66BED /* Release */,
			);
			defaultConfigurationIsVisible = 0;
		};
		8536ADCC1CC633FF00E66BED /* Build configuration list for PBXNativeTarget "哥是传说Tests" */ = {
			isa = XCConfigurationList;
			buildConfigurations = (
				8536ADCD1CC633FF00E66BED /* Debug */,
				8536ADCE1CC633FF00E66BED /* Release */,
			);
			defaultConfigurationIsVisible = 0;
		};
		8536ADCF1CC633FF00E66BED /* Build configuration list for PBXNativeTarget "哥是传说UITests" */ = {
			isa = XCConfigurationList;
			buildConfigurations = (
				8536ADD01CC633FF00E66BED /* Debug */,
				8536ADD11CC633FF00E66BED /* Release */,
			);
			defaultConfigurationIsVisible = 0;
		};
/* End XCConfigurationList section */
	};
	rootObject = 8536AD941CC633FF00E66BED /* Project object */;
}
